// !$*UTF8*$!
{
	archiveVersion = 1;
	classes = {
	};
	objectVersion = 55;
	objects = {

/* Begin PBXBuildFile section */
		2D0794C326A94EDC0086111D /* WWDC2021App.swift in Sources */ = {isa = PBXBuildFile; fileRef = 2D0794C226A94EDC0086111D /* WWDC2021App.swift */; };
		2D0794C526A94EDC0086111D /* ButtonsContentView.swift in Sources */ = {isa = PBXBuildFile; fileRef = 2D0794C426A94EDC0086111D /* ButtonsContentView.swift */; };
		2D0794C726A94EDE0086111D /* Assets.xcassets in Resources */ = {isa = PBXBuildFile; fileRef = 2D0794C626A94EDE0086111D /* Assets.xcassets */; };
		2D0794CA26A94EDE0086111D /* Preview Assets.xcassets in Resources */ = {isa = PBXBuildFile; fileRef = 2D0794C926A94EDE0086111D /* Preview Assets.xcassets */; };
		2D103D6026AC5F02002676C8 /* AsyncAwaitContentView.swift in Sources */ = {isa = PBXBuildFile; fileRef = 2D103D5F26AC5F02002676C8 /* AsyncAwaitContentView.swift */; };
		2D57E75D26A9A43300512586 /* ButtonWithPopup.swift in Sources */ = {isa = PBXBuildFile; fileRef = 2D57E75C26A9A43300512586 /* ButtonWithPopup.swift */; };
		2D57E76126A9A9A200512586 /* ContentView.swift in Sources */ = {isa = PBXBuildFile; fileRef = 2D57E76026A9A9A200512586 /* ContentView.swift */; };
		2D57E76426A9B77700512586 /* FoundationContentView.swift in Sources */ = {isa = PBXBuildFile; fileRef = 2D57E76326A9B77700512586 /* FoundationContentView.swift */; };
		2D75AC3C26A9C22E00C0113A /* FoundationWithAttributedStringContentView.swift in Sources */ = {isa = PBXBuildFile; fileRef = 2D75AC3B26A9C22E00C0113A /* FoundationWithAttributedStringContentView.swift */; };
		2D75AC3E26A9CC9900C0113A /* FoundationWithDateFormattingComparisonViewContent.swift in Sources */ = {isa = PBXBuildFile; fileRef = 2D75AC3D26A9CC9900C0113A /* FoundationWithDateFormattingComparisonViewContent.swift */; };
		2D75AC4026A9D3E800C0113A /* FoundationWithDateFormattingMoreViewContent.swift in Sources */ = {isa = PBXBuildFile; fileRef = 2D75AC3F26A9D3E800C0113A /* FoundationWithDateFormattingMoreViewContent.swift */; };
		2D75AC4226A9DA6900C0113A /* FoundationWithStringFormattingComparisonContentView.swift in Sources */ = {isa = PBXBuildFile; fileRef = 2D75AC4126A9DA6800C0113A /* FoundationWithStringFormattingComparisonContentView.swift */; };
		2D75AC4426A9DC6B00C0113A /* FoundationWithNumberFormattingContentView.swift in Sources */ = {isa = PBXBuildFile; fileRef = 2D75AC4326A9DC6B00C0113A /* FoundationWithNumberFormattingContentView.swift */; };
		2D75AC4726AC0B8C00C0113A /* AutoComplete.swift in Sources */ = {isa = PBXBuildFile; fileRef = 2D75AC4626AC0B8C00C0113A /* AutoComplete.swift */; };
		2D75AC4926AC0D7200C0113A /* ColumnBreakpoint.swift in Sources */ = {isa = PBXBuildFile; fileRef = 2D75AC4826AC0D7200C0113A /* ColumnBreakpoint.swift */; };
		2D75AC4B26AC0F8700C0113A /* MinimizeErrors.swift in Sources */ = {isa = PBXBuildFile; fileRef = 2D75AC4A26AC0F8700C0113A /* MinimizeErrors.swift */; };
		2D75AC4E26AC523E00C0113A /* AsyncAwaitComparisonViewController.swift in Sources */ = {isa = PBXBuildFile; fileRef = 2D75AC4D26AC523E00C0113A /* AsyncAwaitComparisonViewController.swift */; };
		2D75AC5026AC524D00C0113A /* AsyncAwaitComparisonViewModel.swift in Sources */ = {isa = PBXBuildFile; fileRef = 2D75AC4F26AC524D00C0113A /* AsyncAwaitComparisonViewModel.swift */; };
		2DC4D53326A955A10011E9DB /* ButtonWithComparisonViewController.swift in Sources */ = {isa = PBXBuildFile; fileRef = 2DC4D53226A955A10011E9DB /* ButtonWithComparisonViewController.swift */; };
		2DEB723926A9871300A39074 /* ButtonWithConfigurationViewController.swift in Sources */ = {isa = PBXBuildFile; fileRef = 2DEB723826A9871300A39074 /* ButtonWithConfigurationViewController.swift */; };
		2DEB723B26A989C300A39074 /* ButtonWithConfigurationUpdateHandlerViewController.swift in Sources */ = {isa = PBXBuildFile; fileRef = 2DEB723A26A989C300A39074 /* ButtonWithConfigurationUpdateHandlerViewController.swift */; };
		2DEB723D26A98C0A00A39074 /* ButtonWithUIActionViewController.swift in Sources */ = {isa = PBXBuildFile; fileRef = 2DEB723C26A98C0A00A39074 /* ButtonWithUIActionViewController.swift */; };
		2DEB723F26A993E800A39074 /* ButtonWithToggleViewController.swift in Sources */ = {isa = PBXBuildFile; fileRef = 2DEB723E26A993E800A39074 /* ButtonWithToggleViewController.swift */; };
		3CD6275826AC667F00B79F72 /* SwiftUIContentView.swift in Sources */ = {isa = PBXBuildFile; fileRef = 3CD6275026AC667F00B79F72 /* SwiftUIContentView.swift */; };
		3CD6275926AC667F00B79F72 /* SwiftUITextfieldView.swift in Sources */ = {isa = PBXBuildFile; fileRef = 3CD6275126AC667F00B79F72 /* SwiftUITextfieldView.swift */; };
		3CD6275A26AC667F00B79F72 /* SwiftUIListSearchableView.swift in Sources */ = {isa = PBXBuildFile; fileRef = 3CD6275226AC667F00B79F72 /* SwiftUIListSearchableView.swift */; };
		3CD6275B26AC667F00B79F72 /* SwiftUIListSeparatorView.swift in Sources */ = {isa = PBXBuildFile; fileRef = 3CD6275326AC667F00B79F72 /* SwiftUIListSeparatorView.swift */; };
		3CD6275C26AC667F00B79F72 /* SwiftUIListSwipeActionView.swift in Sources */ = {isa = PBXBuildFile; fileRef = 3CD6275426AC667F00B79F72 /* SwiftUIListSwipeActionView.swift */; };
		3CD6275D26AC667F00B79F72 /* SwiftUIListPullToRefreshView.swift in Sources */ = {isa = PBXBuildFile; fileRef = 3CD6275526AC667F00B79F72 /* SwiftUIListPullToRefreshView.swift */; };
		3CD6275E26AC667F00B79F72 /* SwiftUIAsyncImage.swift in Sources */ = {isa = PBXBuildFile; fileRef = 3CD6275626AC667F00B79F72 /* SwiftUIAsyncImage.swift */; };
		5914869510682F3C4C0D9C49 /* Pods_WWDC2021.framework in Frameworks */ = {isa = PBXBuildFile; fileRef = 5C00417EA57188746E8CCEBF /* Pods_WWDC2021.framework */; };
/* End PBXBuildFile section */

/* Begin PBXContainerItemProxy section */
		2D0794D426A94EF90086111D /* PBXContainerItemProxy */ = {
			isa = PBXContainerItemProxy;
			containerPortal = 2D0794D026A94EF90086111D /* WWDC2021Framework.xcodeproj */;
			proxyType = 2;
			remoteGlobalIDString = 2D5465532677AE78001A7061;
			remoteInfo = WWDC2021Framework;
		};
/* End PBXContainerItemProxy section */

/* Begin PBXFileReference section */
		2D0794BF26A94EDC0086111D /* WWDC2021.app */ = {isa = PBXFileReference; explicitFileType = wrapper.application; includeInIndex = 0; path = WWDC2021.app; sourceTree = BUILT_PRODUCTS_DIR; };
		2D0794C226A94EDC0086111D /* WWDC2021App.swift */ = {isa = PBXFileReference; lastKnownFileType = sourcecode.swift; path = WWDC2021App.swift; sourceTree = "<group>"; };
		2D0794C426A94EDC0086111D /* ButtonsContentView.swift */ = {isa = PBXFileReference; lastKnownFileType = sourcecode.swift; path = ButtonsContentView.swift; sourceTree = "<group>"; };
		2D0794C626A94EDE0086111D /* Assets.xcassets */ = {isa = PBXFileReference; lastKnownFileType = folder.assetcatalog; path = Assets.xcassets; sourceTree = "<group>"; };
		2D0794C926A94EDE0086111D /* Preview Assets.xcassets */ = {isa = PBXFileReference; lastKnownFileType = folder.assetcatalog; path = "Preview Assets.xcassets"; sourceTree = "<group>"; };
		2D0794D026A94EF90086111D /* WWDC2021Framework.xcodeproj */ = {isa = PBXFileReference; lastKnownFileType = "wrapper.pb-project"; name = WWDC2021Framework.xcodeproj; path = ../../../WWDC2021Framework/WWDC2021Framework.xcodeproj; sourceTree = "<group>"; };
		2D103D5F26AC5F02002676C8 /* AsyncAwaitContentView.swift */ = {isa = PBXFileReference; lastKnownFileType = sourcecode.swift; path = AsyncAwaitContentView.swift; sourceTree = "<group>"; };
		2D57E75C26A9A43300512586 /* ButtonWithPopup.swift */ = {isa = PBXFileReference; lastKnownFileType = sourcecode.swift; path = ButtonWithPopup.swift; sourceTree = "<group>"; };
		2D57E76026A9A9A200512586 /* ContentView.swift */ = {isa = PBXFileReference; lastKnownFileType = sourcecode.swift; path = ContentView.swift; sourceTree = "<group>"; };
		2D57E76326A9B77700512586 /* FoundationContentView.swift */ = {isa = PBXFileReference; lastKnownFileType = sourcecode.swift; path = FoundationContentView.swift; sourceTree = "<group>"; };
		2D75AC3B26A9C22E00C0113A /* FoundationWithAttributedStringContentView.swift */ = {isa = PBXFileReference; lastKnownFileType = sourcecode.swift; path = FoundationWithAttributedStringContentView.swift; sourceTree = "<group>"; };
		2D75AC3D26A9CC9900C0113A /* FoundationWithDateFormattingComparisonViewContent.swift */ = {isa = PBXFileReference; lastKnownFileType = sourcecode.swift; path = FoundationWithDateFormattingComparisonViewContent.swift; sourceTree = "<group>"; };
		2D75AC3F26A9D3E800C0113A /* FoundationWithDateFormattingMoreViewContent.swift */ = {isa = PBXFileReference; lastKnownFileType = sourcecode.swift; path = FoundationWithDateFormattingMoreViewContent.swift; sourceTree = "<group>"; };
		2D75AC4126A9DA6800C0113A /* FoundationWithStringFormattingComparisonContentView.swift */ = {isa = PBXFileReference; lastKnownFileType = sourcecode.swift; path = FoundationWithStringFormattingComparisonContentView.swift; sourceTree = "<group>"; };
		2D75AC4326A9DC6B00C0113A /* FoundationWithNumberFormattingContentView.swift */ = {isa = PBXFileReference; lastKnownFileType = sourcecode.swift; path = FoundationWithNumberFormattingContentView.swift; sourceTree = "<group>"; };
		2D75AC4626AC0B8C00C0113A /* AutoComplete.swift */ = {isa = PBXFileReference; lastKnownFileType = sourcecode.swift; path = AutoComplete.swift; sourceTree = "<group>"; };
		2D75AC4826AC0D7200C0113A /* ColumnBreakpoint.swift */ = {isa = PBXFileReference; lastKnownFileType = sourcecode.swift; path = ColumnBreakpoint.swift; sourceTree = "<group>"; };
		2D75AC4A26AC0F8700C0113A /* MinimizeErrors.swift */ = {isa = PBXFileReference; lastKnownFileType = sourcecode.swift; path = MinimizeErrors.swift; sourceTree = "<group>"; };
		2D75AC4D26AC523E00C0113A /* AsyncAwaitComparisonViewController.swift */ = {isa = PBXFileReference; lastKnownFileType = sourcecode.swift; path = AsyncAwaitComparisonViewController.swift; sourceTree = "<group>"; };
		2D75AC4F26AC524D00C0113A /* AsyncAwaitComparisonViewModel.swift */ = {isa = PBXFileReference; lastKnownFileType = sourcecode.swift; path = AsyncAwaitComparisonViewModel.swift; sourceTree = "<group>"; };
		2DC4D53226A955A10011E9DB /* ButtonWithComparisonViewController.swift */ = {isa = PBXFileReference; lastKnownFileType = sourcecode.swift; path = ButtonWithComparisonViewController.swift; sourceTree = "<group>"; };
		2DEB723826A9871300A39074 /* ButtonWithConfigurationViewController.swift */ = {isa = PBXFileReference; lastKnownFileType = sourcecode.swift; path = ButtonWithConfigurationViewController.swift; sourceTree = "<group>"; };
		2DEB723A26A989C300A39074 /* ButtonWithConfigurationUpdateHandlerViewController.swift */ = {isa = PBXFileReference; lastKnownFileType = sourcecode.swift; path = ButtonWithConfigurationUpdateHandlerViewController.swift; sourceTree = "<group>"; };
		2DEB723C26A98C0A00A39074 /* ButtonWithUIActionViewController.swift */ = {isa = PBXFileReference; lastKnownFileType = sourcecode.swift; path = ButtonWithUIActionViewController.swift; sourceTree = "<group>"; };
		2DEB723E26A993E800A39074 /* ButtonWithToggleViewController.swift */ = {isa = PBXFileReference; lastKnownFileType = sourcecode.swift; path = ButtonWithToggleViewController.swift; sourceTree = "<group>"; };
		3CD6275026AC667F00B79F72 /* SwiftUIContentView.swift */ = {isa = PBXFileReference; fileEncoding = 4; lastKnownFileType = sourcecode.swift; path = SwiftUIContentView.swift; sourceTree = "<group>"; };
		3CD6275126AC667F00B79F72 /* SwiftUITextfieldView.swift */ = {isa = PBXFileReference; fileEncoding = 4; lastKnownFileType = sourcecode.swift; path = SwiftUITextfieldView.swift; sourceTree = "<group>"; };
		3CD6275226AC667F00B79F72 /* SwiftUIListSearchableView.swift */ = {isa = PBXFileReference; fileEncoding = 4; lastKnownFileType = sourcecode.swift; path = SwiftUIListSearchableView.swift; sourceTree = "<group>"; };
		3CD6275326AC667F00B79F72 /* SwiftUIListSeparatorView.swift */ = {isa = PBXFileReference; fileEncoding = 4; lastKnownFileType = sourcecode.swift; path = SwiftUIListSeparatorView.swift; sourceTree = "<group>"; };
		3CD6275426AC667F00B79F72 /* SwiftUIListSwipeActionView.swift */ = {isa = PBXFileReference; fileEncoding = 4; lastKnownFileType = sourcecode.swift; path = SwiftUIListSwipeActionView.swift; sourceTree = "<group>"; };
		3CD6275526AC667F00B79F72 /* SwiftUIListPullToRefreshView.swift */ = {isa = PBXFileReference; fileEncoding = 4; lastKnownFileType = sourcecode.swift; path = SwiftUIListPullToRefreshView.swift; sourceTree = "<group>"; };
		3CD6275626AC667F00B79F72 /* SwiftUIAsyncImage.swift */ = {isa = PBXFileReference; fileEncoding = 4; lastKnownFileType = sourcecode.swift; path = SwiftUIAsyncImage.swift; sourceTree = "<group>"; };
		5C00417EA57188746E8CCEBF /* Pods_WWDC2021.framework */ = {isa = PBXFileReference; explicitFileType = wrapper.framework; includeInIndex = 0; path = Pods_WWDC2021.framework; sourceTree = BUILT_PRODUCTS_DIR; };
		72B8CC443ADAD33585DBFCAF /* Pods-WWDC2021.debug.xcconfig */ = {isa = PBXFileReference; includeInIndex = 1; lastKnownFileType = text.xcconfig; name = "Pods-WWDC2021.debug.xcconfig"; path = "Target Support Files/Pods-WWDC2021/Pods-WWDC2021.debug.xcconfig"; sourceTree = "<group>"; };
		BE61CC5AED7FF088EDD67A24 /* Pods-WWDC2021.release.xcconfig */ = {isa = PBXFileReference; includeInIndex = 1; lastKnownFileType = text.xcconfig; name = "Pods-WWDC2021.release.xcconfig"; path = "Target Support Files/Pods-WWDC2021/Pods-WWDC2021.release.xcconfig"; sourceTree = "<group>"; };
/* End PBXFileReference section */

/* Begin PBXFrameworksBuildPhase section */
		2D0794BC26A94EDC0086111D /* Frameworks */ = {
			isa = PBXFrameworksBuildPhase;
			buildActionMask = 2147483647;
			files = (
				5914869510682F3C4C0D9C49 /* Pods_WWDC2021.framework in Frameworks */,
			);
			runOnlyForDeploymentPostprocessing = 0;
		};
/* End PBXFrameworksBuildPhase section */

/* Begin PBXGroup section */
		2D0794B626A94EDC0086111D = {
			isa = PBXGroup;
			children = (
				2D0794C126A94EDC0086111D /* WWDC2021 */,
				2D0794C026A94EDC0086111D /* Products */,
				4F970BE7C4C18639438D68E8 /* Pods */,
				9313558DCE829189281AE699 /* Frameworks */,
			);
			sourceTree = "<group>";
		};
		2D0794C026A94EDC0086111D /* Products */ = {
			isa = PBXGroup;
			children = (
				2D0794BF26A94EDC0086111D /* WWDC2021.app */,
			);
			name = Products;
			sourceTree = "<group>";
		};
		2D0794C126A94EDC0086111D /* WWDC2021 */ = {
			isa = PBXGroup;
			children = (
				3CD6274F26AC667F00B79F72 /* SwiftUI */,
				2D75AC4C26AC521E00C0113A /* AsyncAwait */,
				2D75AC4526AC0B5600C0113A /* Xcode */,
				2D57E76226A9B76700512586 /* Foundation */,
				2D57E75F26A9A7C600512586 /* Buttons */,
				2D0794C226A94EDC0086111D /* WWDC2021App.swift */,
				2D57E76026A9A9A200512586 /* ContentView.swift */,
				2D0794C626A94EDE0086111D /* Assets.xcassets */,
				2D0794C826A94EDE0086111D /* Preview Content */,
			);
			path = WWDC2021;
			sourceTree = "<group>";
		};
		2D0794C826A94EDE0086111D /* Preview Content */ = {
			isa = PBXGroup;
			children = (
				2D0794D026A94EF90086111D /* WWDC2021Framework.xcodeproj */,
				2D0794C926A94EDE0086111D /* Preview Assets.xcassets */,
			);
			path = "Preview Content";
			sourceTree = "<group>";
		};
		2D0794D126A94EF90086111D /* Products */ = {
			isa = PBXGroup;
			children = (
				2D0794D526A94EF90086111D /* WWDC2021Framework.framework */,
			);
			name = Products;
			sourceTree = "<group>";
		};
		2D57E75F26A9A7C600512586 /* Buttons */ = {
			isa = PBXGroup;
			children = (
				2D0794C426A94EDC0086111D /* ButtonsContentView.swift */,
				2DC4D53226A955A10011E9DB /* ButtonWithComparisonViewController.swift */,
				2DEB723826A9871300A39074 /* ButtonWithConfigurationViewController.swift */,
				2DEB723A26A989C300A39074 /* ButtonWithConfigurationUpdateHandlerViewController.swift */,
				2DEB723C26A98C0A00A39074 /* ButtonWithUIActionViewController.swift */,
				2DEB723E26A993E800A39074 /* ButtonWithToggleViewController.swift */,
				2D57E75C26A9A43300512586 /* ButtonWithPopup.swift */,
			);
			path = Buttons;
			sourceTree = "<group>";
		};
		2D57E76226A9B76700512586 /* Foundation */ = {
			isa = PBXGroup;
			children = (
				2D57E76326A9B77700512586 /* FoundationContentView.swift */,
				2D75AC3B26A9C22E00C0113A /* FoundationWithAttributedStringContentView.swift */,
				2D75AC3D26A9CC9900C0113A /* FoundationWithDateFormattingComparisonViewContent.swift */,
				2D75AC3F26A9D3E800C0113A /* FoundationWithDateFormattingMoreViewContent.swift */,
				2D75AC4126A9DA6800C0113A /* FoundationWithStringFormattingComparisonContentView.swift */,
				2D75AC4326A9DC6B00C0113A /* FoundationWithNumberFormattingContentView.swift */,
			);
			path = Foundation;
			sourceTree = "<group>";
		};
		2D75AC4526AC0B5600C0113A /* Xcode */ = {
			isa = PBXGroup;
			children = (
				2D75AC4626AC0B8C00C0113A /* AutoComplete.swift */,
				2D75AC4826AC0D7200C0113A /* ColumnBreakpoint.swift */,
				2D75AC4A26AC0F8700C0113A /* MinimizeErrors.swift */,
			);
			path = Xcode;
			sourceTree = "<group>";
		};
		3CD6274F26AC667F00B79F72 /* SwiftUI */ = {
			isa = PBXGroup;
			children = (
				3CD6275026AC667F00B79F72 /* SwiftUIContentView.swift */,
				3CD6275126AC667F00B79F72 /* SwiftUITextfieldView.swift */,
				3CD6275226AC667F00B79F72 /* SwiftUIListSearchableView.swift */,
				3CD6275326AC667F00B79F72 /* SwiftUIListSeparatorView.swift */,
				3CD6275426AC667F00B79F72 /* SwiftUIListSwipeActionView.swift */,
				3CD6275526AC667F00B79F72 /* SwiftUIListPullToRefreshView.swift */,
				3CD6275626AC667F00B79F72 /* SwiftUIAsyncImage.swift */,
			);
			path = SwiftUI;
			sourceTree = "<group>";
		};
		2D75AC4C26AC521E00C0113A /* AsyncAwait */ = {
			isa = PBXGroup;
			children = (
				2D103D5F26AC5F02002676C8 /* AsyncAwaitContentView.swift */,
				2D75AC4D26AC523E00C0113A /* AsyncAwaitComparisonViewController.swift */,
				2D75AC4F26AC524D00C0113A /* AsyncAwaitComparisonViewModel.swift */,
			);
			path = AsyncAwait;
			sourceTree = "<group>";
		};
		4F970BE7C4C18639438D68E8 /* Pods */ = {
			isa = PBXGroup;
			children = (
				72B8CC443ADAD33585DBFCAF /* Pods-WWDC2021.debug.xcconfig */,
				BE61CC5AED7FF088EDD67A24 /* Pods-WWDC2021.release.xcconfig */,
			);
			name = Pods;
			path = ../Pods;
			sourceTree = "<group>";
		};
		9313558DCE829189281AE699 /* Frameworks */ = {
			isa = PBXGroup;
			children = (
				5C00417EA57188746E8CCEBF /* Pods_WWDC2021.framework */,
			);
			name = Frameworks;
			sourceTree = "<group>";
		};
/* End PBXGroup section */

/* Begin PBXNativeTarget section */
		2D0794BE26A94EDC0086111D /* WWDC2021 */ = {
			isa = PBXNativeTarget;
			buildConfigurationList = 2D0794CD26A94EDE0086111D /* Build configuration list for PBXNativeTarget "WWDC2021" */;
			buildPhases = (
				F1D025DA8E13DBE9E584E6B4 /* [CP] Check Pods Manifest.lock */,
				2D0794BB26A94EDC0086111D /* Sources */,
				2D0794BC26A94EDC0086111D /* Frameworks */,
				2D0794BD26A94EDC0086111D /* Resources */,
				9F57428CC47E68126ED15F29 /* [CP] Embed Pods Frameworks */,
			);
			buildRules = (
			);
			dependencies = (
			);
			name = WWDC2021;
			productName = WWDC2021;
			productReference = 2D0794BF26A94EDC0086111D /* WWDC2021.app */;
			productType = "com.apple.product-type.application";
		};
/* End PBXNativeTarget section */

/* Begin PBXProject section */
		2D0794B726A94EDC0086111D /* Project object */ = {
			isa = PBXProject;
			attributes = {
				BuildIndependentTargetsInParallel = 1;
				LastSwiftUpdateCheck = 1300;
				LastUpgradeCheck = 1300;
				TargetAttributes = {
					2D0794BE26A94EDC0086111D = {
						CreatedOnToolsVersion = 13.0;
					};
				};
			};
			buildConfigurationList = 2D0794BA26A94EDC0086111D /* Build configuration list for PBXProject "WWDC2021" */;
			compatibilityVersion = "Xcode 13.0";
			developmentRegion = en;
			hasScannedForEncodings = 0;
			knownRegions = (
				en,
				Base,
			);
			mainGroup = 2D0794B626A94EDC0086111D;
			productRefGroup = 2D0794C026A94EDC0086111D /* Products */;
			projectDirPath = "";
			projectReferences = (
				{
					ProductGroup = 2D0794D126A94EF90086111D /* Products */;
					ProjectRef = 2D0794D026A94EF90086111D /* WWDC2021Framework.xcodeproj */;
				},
			);
			projectRoot = "";
			targets = (
				2D0794BE26A94EDC0086111D /* WWDC2021 */,
			);
		};
/* End PBXProject section */

/* Begin PBXReferenceProxy section */
		2D0794D526A94EF90086111D /* WWDC2021Framework.framework */ = {
			isa = PBXReferenceProxy;
			fileType = wrapper.framework;
			path = WWDC2021Framework.framework;
			remoteRef = 2D0794D426A94EF90086111D /* PBXContainerItemProxy */;
			sourceTree = BUILT_PRODUCTS_DIR;
		};
/* End PBXReferenceProxy section */

/* Begin PBXResourcesBuildPhase section */
		2D0794BD26A94EDC0086111D /* Resources */ = {
			isa = PBXResourcesBuildPhase;
			buildActionMask = 2147483647;
			files = (
				2D0794CA26A94EDE0086111D /* Preview Assets.xcassets in Resources */,
				2D0794C726A94EDE0086111D /* Assets.xcassets in Resources */,
			);
			runOnlyForDeploymentPostprocessing = 0;
		};
/* End PBXResourcesBuildPhase section */

/* Begin PBXShellScriptBuildPhase section */
		9F57428CC47E68126ED15F29 /* [CP] Embed Pods Frameworks */ = {
			isa = PBXShellScriptBuildPhase;
			buildActionMask = 2147483647;
			files = (
			);
			inputFileListPaths = (
				"${PODS_ROOT}/Target Support Files/Pods-WWDC2021/Pods-WWDC2021-frameworks-${CONFIGURATION}-input-files.xcfilelist",
			);
			name = "[CP] Embed Pods Frameworks";
			outputFileListPaths = (
				"${PODS_ROOT}/Target Support Files/Pods-WWDC2021/Pods-WWDC2021-frameworks-${CONFIGURATION}-output-files.xcfilelist",
			);
			runOnlyForDeploymentPostprocessing = 0;
			shellPath = /bin/sh;
			shellScript = "\"${PODS_ROOT}/Target Support Files/Pods-WWDC2021/Pods-WWDC2021-frameworks.sh\"\n";
			showEnvVarsInLog = 0;
		};
		F1D025DA8E13DBE9E584E6B4 /* [CP] Check Pods Manifest.lock */ = {
			isa = PBXShellScriptBuildPhase;
			buildActionMask = 2147483647;
			files = (
			);
			inputFileListPaths = (
			);
			inputPaths = (
				"${PODS_PODFILE_DIR_PATH}/Podfile.lock",
				"${PODS_ROOT}/Manifest.lock",
			);
			name = "[CP] Check Pods Manifest.lock";
			outputFileListPaths = (
			);
			outputPaths = (
				"$(DERIVED_FILE_DIR)/Pods-WWDC2021-checkManifestLockResult.txt",
			);
			runOnlyForDeploymentPostprocessing = 0;
			shellPath = /bin/sh;
			shellScript = "diff \"${PODS_PODFILE_DIR_PATH}/Podfile.lock\" \"${PODS_ROOT}/Manifest.lock\" > /dev/null\nif [ $? != 0 ] ; then\n    # print error to STDERR\n    echo \"error: The sandbox is not in sync with the Podfile.lock. Run 'pod install' or update your CocoaPods installation.\" >&2\n    exit 1\nfi\n# This output is used by Xcode 'outputs' to avoid re-running this script phase.\necho \"SUCCESS\" > \"${SCRIPT_OUTPUT_FILE_0}\"\n";
			showEnvVarsInLog = 0;
		};
/* End PBXShellScriptBuildPhase section */

/* Begin PBXSourcesBuildPhase section */
		2D0794BB26A94EDC0086111D /* Sources */ = {
			isa = PBXSourcesBuildPhase;
			buildActionMask = 2147483647;
			files = (
				2D75AC4B26AC0F8700C0113A /* MinimizeErrors.swift in Sources */,
				2D0794C526A94EDC0086111D /* ButtonsContentView.swift in Sources */,
				2D57E76426A9B77700512586 /* FoundationContentView.swift in Sources */,
				2D75AC4226A9DA6900C0113A /* FoundationWithStringFormattingComparisonContentView.swift in Sources */,
				2D75AC4426A9DC6B00C0113A /* FoundationWithNumberFormattingContentView.swift in Sources */,
				3CD6275826AC667F00B79F72 /* SwiftUIContentView.swift in Sources */,
				3CD6275D26AC667F00B79F72 /* SwiftUIListPullToRefreshView.swift in Sources */,
				2D103D6026AC5F02002676C8 /* AsyncAwaitContentView.swift in Sources */,
				2DEB723926A9871300A39074 /* ButtonWithConfigurationViewController.swift in Sources */,
				2D0794C326A94EDC0086111D /* WWDC2021App.swift in Sources */,
				3CD6275E26AC667F00B79F72 /* SwiftUIAsyncImage.swift in Sources */,
				2DC4D53326A955A10011E9DB /* ButtonWithComparisonViewController.swift in Sources */,
				2D75AC3C26A9C22E00C0113A /* FoundationWithAttributedStringContentView.swift in Sources */,
				2D75AC3E26A9CC9900C0113A /* FoundationWithDateFormattingComparisonViewContent.swift in Sources */,
				3CD6275C26AC667F00B79F72 /* SwiftUIListSwipeActionView.swift in Sources */,
				2D57E75D26A9A43300512586 /* ButtonWithPopup.swift in Sources */,
				2D57E76126A9A9A200512586 /* ContentView.swift in Sources */,
				2D75AC4026A9D3E800C0113A /* FoundationWithDateFormattingMoreViewContent.swift in Sources */,
				3CD6275B26AC667F00B79F72 /* SwiftUIListSeparatorView.swift in Sources */,
				2D75AC5026AC524D00C0113A /* AsyncAwaitComparisonViewModel.swift in Sources */,
				2DEB723F26A993E800A39074 /* ButtonWithToggleViewController.swift in Sources */,
				2D75AC4926AC0D7200C0113A /* ColumnBreakpoint.swift in Sources */,
				3CD6275926AC667F00B79F72 /* SwiftUITextfieldView.swift in Sources */,
				3CD6275A26AC667F00B79F72 /* SwiftUIListSearchableView.swift in Sources */,
				2DEB723D26A98C0A00A39074 /* ButtonWithUIActionViewController.swift in Sources */,
				2DEB723B26A989C300A39074 /* ButtonWithConfigurationUpdateHandlerViewController.swift in Sources */,
				2D75AC4726AC0B8C00C0113A /* AutoComplete.swift in Sources */,
				2D75AC4E26AC523E00C0113A /* AsyncAwaitComparisonViewController.swift in Sources */,
			);
			runOnlyForDeploymentPostprocessing = 0;
		};
/* End PBXSourcesBuildPhase section */

/* Begin XCBuildConfiguration section */
		2D0794CB26A94EDE0086111D /* Debug */ = {
			isa = XCBuildConfiguration;
			buildSettings = {
				ALWAYS_SEARCH_USER_PATHS = NO;
				CLANG_ANALYZER_NONNULL = YES;
				CLANG_ANALYZER_NUMBER_OBJECT_CONVERSION = YES_AGGRESSIVE;
				CLANG_CXX_LANGUAGE_STANDARD = "gnu++14";
				CLANG_CXX_LIBRARY = "libc++";
				CLANG_ENABLE_MODULES = YES;
				CLANG_ENABLE_OBJC_ARC = YES;
				CLANG_ENABLE_OBJC_WEAK = YES;
				CLANG_WARN_BLOCK_CAPTURE_AUTORELEASING = YES;
				CLANG_WARN_BOOL_CONVERSION = YES;
				CLANG_WARN_COMMA = YES;
				CLANG_WARN_CONSTANT_CONVERSION = YES;
				CLANG_WARN_DEPRECATED_OBJC_IMPLEMENTATIONS = YES;
				CLANG_WARN_DIRECT_OBJC_ISA_USAGE = YES_ERROR;
				CLANG_WARN_DOCUMENTATION_COMMENTS = YES;
				CLANG_WARN_EMPTY_BODY = YES;
				CLANG_WARN_ENUM_CONVERSION = YES;
				CLANG_WARN_INFINITE_RECURSION = YES;
				CLANG_WARN_INT_CONVERSION = YES;
				CLANG_WARN_NON_LITERAL_NULL_CONVERSION = YES;
				CLANG_WARN_OBJC_IMPLICIT_RETAIN_SELF = YES;
				CLANG_WARN_OBJC_LITERAL_CONVERSION = YES;
				CLANG_WARN_OBJC_ROOT_CLASS = YES_ERROR;
				CLANG_WARN_QUOTED_INCLUDE_IN_FRAMEWORK_HEADER = YES;
				CLANG_WARN_RANGE_LOOP_ANALYSIS = YES;
				CLANG_WARN_STRICT_PROTOTYPES = YES;
				CLANG_WARN_SUSPICIOUS_MOVE = YES;
				CLANG_WARN_UNGUARDED_AVAILABILITY = YES_AGGRESSIVE;
				CLANG_WARN_UNREACHABLE_CODE = YES;
				CLANG_WARN__DUPLICATE_METHOD_MATCH = YES;
				COPY_PHASE_STRIP = NO;
				DEBUG_INFORMATION_FORMAT = dwarf;
				ENABLE_STRICT_OBJC_MSGSEND = YES;
				ENABLE_TESTABILITY = YES;
				GCC_C_LANGUAGE_STANDARD = gnu11;
				GCC_DYNAMIC_NO_PIC = NO;
				GCC_NO_COMMON_BLOCKS = YES;
				GCC_OPTIMIZATION_LEVEL = 0;
				GCC_PREPROCESSOR_DEFINITIONS = (
					"DEBUG=1",
					"$(inherited)",
				);
				GCC_WARN_64_TO_32_BIT_CONVERSION = YES;
				GCC_WARN_ABOUT_RETURN_TYPE = YES_ERROR;
				GCC_WARN_UNDECLARED_SELECTOR = YES;
				GCC_WARN_UNINITIALIZED_AUTOS = YES_AGGRESSIVE;
				GCC_WARN_UNUSED_FUNCTION = YES;
				GCC_WARN_UNUSED_VARIABLE = YES;
				IPHONEOS_DEPLOYMENT_TARGET = 15.0;
				MTL_ENABLE_DEBUG_INFO = INCLUDE_SOURCE;
				MTL_FAST_MATH = YES;
				ONLY_ACTIVE_ARCH = YES;
				SDKROOT = iphoneos;
				SWIFT_ACTIVE_COMPILATION_CONDITIONS = DEBUG;
				SWIFT_OPTIMIZATION_LEVEL = "-Onone";
			};
			name = Debug;
		};
		2D0794CC26A94EDE0086111D /* Release */ = {
			isa = XCBuildConfiguration;
			buildSettings = {
				ALWAYS_SEARCH_USER_PATHS = NO;
				CLANG_ANALYZER_NONNULL = YES;
				CLANG_ANALYZER_NUMBER_OBJECT_CONVERSION = YES_AGGRESSIVE;
				CLANG_CXX_LANGUAGE_STANDARD = "gnu++14";
				CLANG_CXX_LIBRARY = "libc++";
				CLANG_ENABLE_MODULES = YES;
				CLANG_ENABLE_OBJC_ARC = YES;
				CLANG_ENABLE_OBJC_WEAK = YES;
				CLANG_WARN_BLOCK_CAPTURE_AUTORELEASING = YES;
				CLANG_WARN_BOOL_CONVERSION = YES;
				CLANG_WARN_COMMA = YES;
				CLANG_WARN_CONSTANT_CONVERSION = YES;
				CLANG_WARN_DEPRECATED_OBJC_IMPLEMENTATIONS = YES;
				CLANG_WARN_DIRECT_OBJC_ISA_USAGE = YES_ERROR;
				CLANG_WARN_DOCUMENTATION_COMMENTS = YES;
				CLANG_WARN_EMPTY_BODY = YES;
				CLANG_WARN_ENUM_CONVERSION = YES;
				CLANG_WARN_INFINITE_RECURSION = YES;
				CLANG_WARN_INT_CONVERSION = YES;
				CLANG_WARN_NON_LITERAL_NULL_CONVERSION = YES;
				CLANG_WARN_OBJC_IMPLICIT_RETAIN_SELF = YES;
				CLANG_WARN_OBJC_LITERAL_CONVERSION = YES;
				CLANG_WARN_OBJC_ROOT_CLASS = YES_ERROR;
				CLANG_WARN_QUOTED_INCLUDE_IN_FRAMEWORK_HEADER = YES;
				CLANG_WARN_RANGE_LOOP_ANALYSIS = YES;
				CLANG_WARN_STRICT_PROTOTYPES = YES;
				CLANG_WARN_SUSPICIOUS_MOVE = YES;
				CLANG_WARN_UNGUARDED_AVAILABILITY = YES_AGGRESSIVE;
				CLANG_WARN_UNREACHABLE_CODE = YES;
				CLANG_WARN__DUPLICATE_METHOD_MATCH = YES;
				COPY_PHASE_STRIP = NO;
				DEBUG_INFORMATION_FORMAT = "dwarf-with-dsym";
				ENABLE_NS_ASSERTIONS = NO;
				ENABLE_STRICT_OBJC_MSGSEND = YES;
				GCC_C_LANGUAGE_STANDARD = gnu11;
				GCC_NO_COMMON_BLOCKS = YES;
				GCC_WARN_64_TO_32_BIT_CONVERSION = YES;
				GCC_WARN_ABOUT_RETURN_TYPE = YES_ERROR;
				GCC_WARN_UNDECLARED_SELECTOR = YES;
				GCC_WARN_UNINITIALIZED_AUTOS = YES_AGGRESSIVE;
				GCC_WARN_UNUSED_FUNCTION = YES;
				GCC_WARN_UNUSED_VARIABLE = YES;
				IPHONEOS_DEPLOYMENT_TARGET = 15.0;
				MTL_ENABLE_DEBUG_INFO = NO;
				MTL_FAST_MATH = YES;
				SDKROOT = iphoneos;
				SWIFT_COMPILATION_MODE = wholemodule;
				SWIFT_OPTIMIZATION_LEVEL = "-O";
				VALIDATE_PRODUCT = YES;
			};
			name = Release;
		};
		2D0794CE26A94EDE0086111D /* Debug */ = {
			isa = XCBuildConfiguration;
			baseConfigurationReference = 72B8CC443ADAD33585DBFCAF /* Pods-WWDC2021.debug.xcconfig */;
			buildSettings = {
				ASSETCATALOG_COMPILER_APPICON_NAME = AppIcon;
				ASSETCATALOG_COMPILER_GLOBAL_ACCENT_COLOR_NAME = AccentColor;
				CODE_SIGN_STYLE = Automatic;
				CURRENT_PROJECT_VERSION = 1;
				DEVELOPMENT_ASSET_PATHS = "\"WWDC2021/Preview Content\"";
				ENABLE_PREVIEWS = YES;
				GENERATE_INFOPLIST_FILE = YES;
				INFOPLIST_KEY_UIApplicationSceneManifest_Generation = YES;
				INFOPLIST_KEY_UIApplicationSupportsIndirectInputEvents = YES;
				INFOPLIST_KEY_UILaunchScreen_Generation = YES;
				INFOPLIST_KEY_UISupportedInterfaceOrientations_iPad = "UIInterfaceOrientationPortrait UIInterfaceOrientationPortraitUpsideDown UIInterfaceOrientationLandscapeLeft UIInterfaceOrientationLandscapeRight";
				INFOPLIST_KEY_UISupportedInterfaceOrientations_iPhone = "UIInterfaceOrientationPortrait UIInterfaceOrientationLandscapeLeft UIInterfaceOrientationLandscapeRight";
				IPHONEOS_DEPLOYMENT_TARGET = 15.0;
				LD_RUNPATH_SEARCH_PATHS = (
					"$(inherited)",
					"@executable_path/Frameworks",
				);
				MARKETING_VERSION = 1.0;
				PRODUCT_BUNDLE_IDENTIFIER = com.ivanmah.demo.WWDC2021;
				PRODUCT_NAME = "$(TARGET_NAME)";
				SWIFT_EMIT_LOC_STRINGS = YES;
				SWIFT_VERSION = 5.0;
				TARGETED_DEVICE_FAMILY = "1,2";
			};
			name = Debug;
		};
		2D0794CF26A94EDE0086111D /* Release */ = {
			isa = XCBuildConfiguration;
			baseConfigurationReference = BE61CC5AED7FF088EDD67A24 /* Pods-WWDC2021.release.xcconfig */;
			buildSettings = {
				ASSETCATALOG_COMPILER_APPICON_NAME = AppIcon;
				ASSETCATALOG_COMPILER_GLOBAL_ACCENT_COLOR_NAME = AccentColor;
				CODE_SIGN_STYLE = Automatic;
				CURRENT_PROJECT_VERSION = 1;
				DEVELOPMENT_ASSET_PATHS = "\"WWDC2021/Preview Content\"";
				ENABLE_PREVIEWS = YES;
				GENERATE_INFOPLIST_FILE = YES;
				INFOPLIST_KEY_UIApplicationSceneManifest_Generation = YES;
				INFOPLIST_KEY_UIApplicationSupportsIndirectInputEvents = YES;
				INFOPLIST_KEY_UILaunchScreen_Generation = YES;
				INFOPLIST_KEY_UISupportedInterfaceOrientations_iPad = "UIInterfaceOrientationPortrait UIInterfaceOrientationPortraitUpsideDown UIInterfaceOrientationLandscapeLeft UIInterfaceOrientationLandscapeRight";
				INFOPLIST_KEY_UISupportedInterfaceOrientations_iPhone = "UIInterfaceOrientationPortrait UIInterfaceOrientationLandscapeLeft UIInterfaceOrientationLandscapeRight";
				IPHONEOS_DEPLOYMENT_TARGET = 15.0;
				LD_RUNPATH_SEARCH_PATHS = (
					"$(inherited)",
					"@executable_path/Frameworks",
				);
				MARKETING_VERSION = 1.0;
				PRODUCT_BUNDLE_IDENTIFIER = com.ivanmah.demo.WWDC2021;
				PRODUCT_NAME = "$(TARGET_NAME)";
				SWIFT_EMIT_LOC_STRINGS = YES;
				SWIFT_VERSION = 5.0;
				TARGETED_DEVICE_FAMILY = "1,2";
			};
			name = Release;
		};
/* End XCBuildConfiguration section */

/* Begin XCConfigurationList section */
		2D0794BA26A94EDC0086111D /* Build configuration list for PBXProject "WWDC2021" */ = {
			isa = XCConfigurationList;
			buildConfigurations = (
				2D0794CB26A94EDE0086111D /* Debug */,
				2D0794CC26A94EDE0086111D /* Release */,
			);
			defaultConfigurationIsVisible = 0;
			defaultConfigurationName = Release;
		};
		2D0794CD26A94EDE0086111D /* Build configuration list for PBXNativeTarget "WWDC2021" */ = {
			isa = XCConfigurationList;
			buildConfigurations = (
				2D0794CE26A94EDE0086111D /* Debug */,
				2D0794CF26A94EDE0086111D /* Release */,
			);
			defaultConfigurationIsVisible = 0;
			defaultConfigurationName = Release;
		};
/* End XCConfigurationList section */
	};
	rootObject = 2D0794B726A94EDC0086111D /* Project object */;
}
